
Microsoft Visual Studio Solution File, Format Version 12.00
# Visual Studio Version 16
VisualStudioVersion = 16.0.30621.155
MinimumVisualStudioVersion = 10.0.40219.1
Project("{FAE04EC0-301F-11D3-BF4B-00C04F79EFBC}") = "BirdsFlyingAroundApp", "BirdsFlyingAroundApp\BirdsFlyingAroundApp.csproj", "{49EC01DE-42CC-486F-A647-B75E0628EC36}"
EndProject
Global
	GlobalSection(SolutionConfigurationPlatforms) = preSolution
		Debug|Any CPU = Debug|Any CPU
		Release|Any CPU = Release|Any CPU
	EndGlobalSection
	GlobalSection(ProjectConfigurationPlatforms) = postSolution
		{49EC01DE-42CC-486F-A647-B75E0628EC36}.Debug|Any CPU.ActiveCfg = Debug|Any CPU
		{49EC01DE-42CC-486F-A647-B75E0628EC36}.Debug|Any CPU.Build.0 = Debug|Any CPU
		{49EC01DE-42CC-486F-A647-B75E0628EC36}.Release|Any CPU.ActiveCfg = Release|Any CPU
		{49EC01DE-42CC-486F-A647-B75E0628EC36}.Release|Any CPU.Build.0 = Release|Any CPU
	EndGlobalSection
	GlobalSection(SolutionProperties) = preSolution
		HideSolutionNode = FALSE
	EndGlobalSection
	GlobalSection(ExtensibilityGlobals) = postSolution
		SolutionGuid = {8B66144E-6056-445B-B297-5EDAB103858F}
	EndGlobalSection
EndGlobal
